
Microsoft Visual Studio Solution File, Format Version 12.00
# Visual Studio Version 17
VisualStudioVersion = 17.10.35013.160
MinimumVisualStudioVersion = 10.0.40219.1
Project("{FAE04EC0-301F-11D3-BF4B-00C04F79EFBC}") = "DbOperationWithEFCoreApp", "DbOperationWithEFCoreApp\DbOperationWithEFCoreApp.csproj", "{58FF316B-D4E6-43A7-ADEB-C55608A6EF6F}"
EndProject
Global
	GlobalSection(SolutionConfigurationPlatforms) = preSolution
		Debug|Any CPU = Debug|Any CPU
		Release|Any CPU = Release|Any CPU
	EndGlobalSection
	GlobalSection(ProjectConfigurationPlatforms) = postSolution
		{58FF316B-D4E6-43A7-ADEB-C55608A6EF6F}.Debug|Any CPU.ActiveCfg = Debug|Any CPU
		{58FF316B-D4E6-43A7-ADEB-C55608A6EF6F}.Debug|Any CPU.Build.0 = Debug|Any CPU
		{58FF316B-D4E6-43A7-ADEB-C55608A6EF6F}.Release|Any CPU.ActiveCfg = Release|Any CPU
		{58FF316B-D4E6-43A7-ADEB-C55608A6EF6F}.Release|Any CPU.Build.0 = Release|Any CPU
	EndGlobalSection
	GlobalSection(SolutionProperties) = preSolution
		HideSolutionNode = FALSE
	EndGlobalSection
	GlobalSection(ExtensibilityGlobals) = postSolution
		SolutionGuid = {683C164C-B465-4418-89A2-517640C9C0A2}
	EndGlobalSection
EndGlobal
